
Microsoft Visual Studio Solution File, Format Version 12.00
# Visual Studio Version 16
VisualStudioVersion = 16.0.31321.278
MinimumVisualStudioVersion = 10.0.40219.1
Project("{9A19103F-16F7-4668-BE54-9A1E7A4F7556}") = "Day01", "Day01\Day01.csproj", "{164861FF-FF10-4935-9EEC-255F67B4CB19}"
EndProject
Project("{9A19103F-16F7-4668-BE54-9A1E7A4F7556}") = "Day02", "Day02\Day02.csproj", "{D41A44FB-8C2C-4E59-A892-DCB646C2AAC2}"
EndProject
Project("{9A19103F-16F7-4668-BE54-9A1E7A4F7556}") = "Day03", "Day03\Day03.csproj", "{F572DA7F-3672-4EE5-AF4C-5EC9479AD10B}"
EndProject
Global
	GlobalSection(SolutionConfigurationPlatforms) = preSolution
		Debug|Any CPU = Debug|Any CPU
		Release|Any CPU = Release|Any CPU
	EndGlobalSection
	GlobalSection(ProjectConfigurationPlatforms) = postSolution
		{164861FF-FF10-4935-9EEC-255F67B4CB19}.Debug|Any CPU.ActiveCfg = Debug|Any CPU
		{164861FF-FF10-4935-9EEC-255F67B4CB19}.Debug|Any CPU.Build.0 = Debug|Any CPU
		{164861FF-FF10-4935-9EEC-255F67B4CB19}.Release|Any CPU.ActiveCfg = Release|Any CPU
		{164861FF-FF10-4935-9EEC-255F67B4CB19}.Release|Any CPU.Build.0 = Release|Any CPU
		{D41A44FB-8C2C-4E59-A892-DCB646C2AAC2}.Debug|Any CPU.ActiveCfg = Debug|Any CPU
		{D41A44FB-8C2C-4E59-A892-DCB646C2AAC2}.Debug|Any CPU.Build.0 = Debug|Any CPU
		{D41A44FB-8C2C-4E59-A892-DCB646C2AAC2}.Release|Any CPU.ActiveCfg = Release|Any CPU
		{D41A44FB-8C2C-4E59-A892-DCB646C2AAC2}.Release|Any CPU.Build.0 = Release|Any CPU
		{F572DA7F-3672-4EE5-AF4C-5EC9479AD10B}.Debug|Any CPU.ActiveCfg = Debug|Any CPU
		{F572DA7F-3672-4EE5-AF4C-5EC9479AD10B}.Debug|Any CPU.Build.0 = Debug|Any CPU
		{F572DA7F-3672-4EE5-AF4C-5EC9479AD10B}.Release|Any CPU.ActiveCfg = Release|Any CPU
		{F572DA7F-3672-4EE5-AF4C-5EC9479AD10B}.Release|Any CPU.Build.0 = Release|Any CPU
	EndGlobalSection
	GlobalSection(SolutionProperties) = preSolution
		HideSolutionNode = FALSE
	EndGlobalSection
	GlobalSection(ExtensibilityGlobals) = postSolution
		SolutionGuid = {41FF2DCF-192F-4DA5-A00C-DC9E0C2284CA}
	EndGlobalSection
EndGlobal
